
Microsoft Visual Studio Solution File, Format Version 12.00
# Visual Studio Version 17
VisualStudioVersion = 17.9.34701.34
MinimumVisualStudioVersion = 10.0.40219.1
Project("{FAE04EC0-301F-11D3-BF4B-00C04F79EFBC}") = "PasswordlessDemo.Api", "PasswordlessDemo.Api\PasswordlessDemo.Api.csproj", "{5342525F-F77D-4665-9BC1-D3A0C817A702}"
EndProject
Project("{FAE04EC0-301F-11D3-BF4B-00C04F79EFBC}") = "PasswordlessDemo.Domain", "PasswordlessDemo.Domain\PasswordlessDemo.Domain.csproj", "{FDDB26B8-B8E2-4E87-8C1D-D9B4E4D06259}"
EndProject
Project("{FAE04EC0-301F-11D3-BF4B-00C04F79EFBC}") = "PasswordlessDemo.Application", "PasswordlessDemo.Application\PasswordlessDemo.Application.csproj", "{193475CE-E228-44EA-81BB-29C178935E3E}"
EndProject
Project("{FAE04EC0-301F-11D3-BF4B-00C04F79EFBC}") = "PasswordlessDemo.Contracts", "PasswordlessDemo.Contracts\PasswordlessDemo.Contracts.csproj", "{7BE7BDF4-C9AB-4359-9901-B19CC5999A63}"
EndProject
Project("{FAE04EC0-301F-11D3-BF4B-00C04F79EFBC}") = "PasswordlessDemo.Infrastrucuture", "PasswordlessDemo.Infrastrucuture\PasswordlessDemo.Infrastrucuture.csproj", "{F540C0E9-26CC-44A6-9852-2DD56F70DF48}"
EndProject
Global
	GlobalSection(SolutionConfigurationPlatforms) = preSolution
		Debug|Any CPU = Debug|Any CPU
		Release|Any CPU = Release|Any CPU
	EndGlobalSection
	GlobalSection(ProjectConfigurationPlatforms) = postSolution
		{5342525F-F77D-4665-9BC1-D3A0C817A702}.Debug|Any CPU.ActiveCfg = Debug|Any CPU
		{5342525F-F77D-4665-9BC1-D3A0C817A702}.Debug|Any CPU.Build.0 = Debug|Any CPU
		{5342525F-F77D-4665-9BC1-D3A0C817A702}.Release|Any CPU.ActiveCfg = Release|Any CPU
		{5342525F-F77D-4665-9BC1-D3A0C817A702}.Release|Any CPU.Build.0 = Release|Any CPU
		{FDDB26B8-B8E2-4E87-8C1D-D9B4E4D06259}.Debug|Any CPU.ActiveCfg = Debug|Any CPU
		{FDDB26B8-B8E2-4E87-8C1D-D9B4E4D06259}.Debug|Any CPU.Build.0 = Debug|Any CPU
		{FDDB26B8-B8E2-4E87-8C1D-D9B4E4D06259}.Release|Any CPU.ActiveCfg = Release|Any CPU
		{FDDB26B8-B8E2-4E87-8C1D-D9B4E4D06259}.Release|Any CPU.Build.0 = Release|Any CPU
		{193475CE-E228-44EA-81BB-29C178935E3E}.Debug|Any CPU.ActiveCfg = Debug|Any CPU
		{193475CE-E228-44EA-81BB-29C178935E3E}.Debug|Any CPU.Build.0 = Debug|Any CPU
		{193475CE-E228-44EA-81BB-29C178935E3E}.Release|Any CPU.ActiveCfg = Release|Any CPU
		{193475CE-E228-44EA-81BB-29C178935E3E}.Release|Any CPU.Build.0 = Release|Any CPU
		{7BE7BDF4-C9AB-4359-9901-B19CC5999A63}.Debug|Any CPU.ActiveCfg = Debug|Any CPU
		{7BE7BDF4-C9AB-4359-9901-B19CC5999A63}.Debug|Any CPU.Build.0 = Debug|Any CPU
		{7BE7BDF4-C9AB-4359-9901-B19CC5999A63}.Release|Any CPU.ActiveCfg = Release|Any CPU
		{7BE7BDF4-C9AB-4359-9901-B19CC5999A63}.Release|Any CPU.Build.0 = Release|Any CPU
		{F540C0E9-26CC-44A6-9852-2DD56F70DF48}.Debug|Any CPU.ActiveCfg = Debug|Any CPU
		{F540C0E9-26CC-44A6-9852-2DD56F70DF48}.Debug|Any CPU.Build.0 = Debug|Any CPU
		{F540C0E9-26CC-44A6-9852-2DD56F70DF48}.Release|Any CPU.ActiveCfg = Release|Any CPU
		{F540C0E9-26CC-44A6-9852-2DD56F70DF48}.Release|Any CPU.Build.0 = Release|Any CPU
	EndGlobalSection
	GlobalSection(SolutionProperties) = preSolution
		HideSolutionNode = FALSE
	EndGlobalSection
	GlobalSection(ExtensibilityGlobals) = postSolution
		SolutionGuid = {2164DD7F-D452-4666-8F62-FE233CDB3DE8}
	EndGlobalSection
EndGlobal
